
Microsoft Visual Studio Solution File, Format Version 12.00
# Visual Studio Version 16
VisualStudioVersion = 16.0.30608.117
MinimumVisualStudioVersion = 10.0.40219.1
Project("{9A19103F-16F7-4668-BE54-9A1E7A4F7556}") = "ServerlessTemperatura.Especificacoes", "ServerlessTemperatura.Especificacoes.csproj", "{40A99282-90F4-4695-9C2E-40EECF9AF401}"
EndProject
Project("{9A19103F-16F7-4668-BE54-9A1E7A4F7556}") = "ServerlessTemperatura", "..\ServerlessTemperatura\ServerlessTemperatura.csproj", "{50BF6223-85F8-466B-8110-71BECE7BC384}"
EndProject
Global
	GlobalSection(SolutionConfigurationPlatforms) = preSolution
		Debug|Any CPU = Debug|Any CPU
		Release|Any CPU = Release|Any CPU
	EndGlobalSection
	GlobalSection(ProjectConfigurationPlatforms) = postSolution
		{40A99282-90F4-4695-9C2E-40EECF9AF401}.Debug|Any CPU.ActiveCfg = Debug|Any CPU
		{40A99282-90F4-4695-9C2E-40EECF9AF401}.Debug|Any CPU.Build.0 = Debug|Any CPU
		{40A99282-90F4-4695-9C2E-40EECF9AF401}.Release|Any CPU.ActiveCfg = Release|Any CPU
		{40A99282-90F4-4695-9C2E-40EECF9AF401}.Release|Any CPU.Build.0 = Release|Any CPU
		{50BF6223-85F8-466B-8110-71BECE7BC384}.Debug|Any CPU.ActiveCfg = Debug|Any CPU
		{50BF6223-85F8-466B-8110-71BECE7BC384}.Debug|Any CPU.Build.0 = Debug|Any CPU
		{50BF6223-85F8-466B-8110-71BECE7BC384}.Release|Any CPU.ActiveCfg = Release|Any CPU
		{50BF6223-85F8-466B-8110-71BECE7BC384}.Release|Any CPU.Build.0 = Release|Any CPU
	EndGlobalSection
	GlobalSection(SolutionProperties) = preSolution
		HideSolutionNode = FALSE
	EndGlobalSection
	GlobalSection(ExtensibilityGlobals) = postSolution
		SolutionGuid = {56A67907-3D65-4C8F-8CB1-BB876ED84106}
	EndGlobalSection
EndGlobal
